// !$*UTF8*$!
{
	archiveVersion = 1;
	classes = {
	};
	objectVersion = 48;
	objects = {

/* Begin PBXBuildFile section */
		604873502126BC460085EFEC /* Currency.swift in Sources */ = {isa = PBXBuildFile; fileRef = 6048734F2126BC460085EFEC /* Currency.swift */; };
		604873522126BD960085EFEC /* CurrencyCell.swift in Sources */ = {isa = PBXBuildFile; fileRef = 604873512126BD960085EFEC /* CurrencyCell.swift */; };
		604873542126F0710085EFEC /* Assets.xcassets in Resources */ = {isa = PBXBuildFile; fileRef = 604873532126F0710085EFEC /* Assets.xcassets */; };
		60C2174021269536009263B3 /* AppDelegate.swift in Sources */ = {isa = PBXBuildFile; fileRef = 60C2173F21269536009263B3 /* AppDelegate.swift */; };
		60C2174221269536009263B3 /* MainVC.swift in Sources */ = {isa = PBXBuildFile; fileRef = 60C2174121269536009263B3 /* MainVC.swift */; };
		60C2174521269536009263B3 /* Main.storyboard in Resources */ = {isa = PBXBuildFile; fileRef = 60C2174321269536009263B3 /* Main.storyboard */; };
		60C2174A21269536009263B3 /* LaunchScreen.storyboard in Resources */ = {isa = PBXBuildFile; fileRef = 60C2174821269536009263B3 /* LaunchScreen.storyboard */; };
		60C2175521269536009263B3 /* money_of_the_worldTests.swift in Sources */ = {isa = PBXBuildFile; fileRef = 60C2175421269536009263B3 /* money_of_the_worldTests.swift */; };
		60C2176021269536009263B3 /* money_of_the_worldUITests.swift in Sources */ = {isa = PBXBuildFile; fileRef = 60C2175F21269536009263B3 /* money_of_the_worldUITests.swift */; };
		60C2177221269C83009263B3 /* Country.swift in Sources */ = {isa = PBXBuildFile; fileRef = 60C2177121269C83009263B3 /* Country.swift */; };
		60C2177421269D53009263B3 /* CountryCell.swift in Sources */ = {isa = PBXBuildFile; fileRef = 60C2177321269D53009263B3 /* CountryCell.swift */; };
		60C217762126A903009263B3 /* DataService.swift in Sources */ = {isa = PBXBuildFile; fileRef = 60C217752126A903009263B3 /* DataService.swift */; };
		60C217782126B329009263B3 /* MoneyVC.swift in Sources */ = {isa = PBXBuildFile; fileRef = 60C217772126B329009263B3 /* MoneyVC.swift */; };
/* End PBXBuildFile section */

/* Begin PBXContainerItemProxy section */
		60C2175121269536009263B3 /* PBXContainerItemProxy */ = {
			isa = PBXContainerItemProxy;
			containerPortal = 60C2173421269535009263B3 /* Project object */;
			proxyType = 1;
			remoteGlobalIDString = 60C2173B21269536009263B3;
			remoteInfo = "money-of-the-world";
		};
		60C2175C21269536009263B3 /* PBXContainerItemProxy */ = {
			isa = PBXContainerItemProxy;
			containerPortal = 60C2173421269535009263B3 /* Project object */;
			proxyType = 1;
			remoteGlobalIDString = 60C2173B21269536009263B3;
			remoteInfo = "money-of-the-world";
		};
/* End PBXContainerItemProxy section */

/* Begin PBXFileReference section */
		6048734F2126BC460085EFEC /* Currency.swift */ = {isa = PBXFileReference; lastKnownFileType = sourcecode.swift; path = Currency.swift; sourceTree = "<group>"; };
		604873512126BD960085EFEC /* CurrencyCell.swift */ = {isa = PBXFileReference; lastKnownFileType = sourcecode.swift; path = CurrencyCell.swift; sourceTree = "<group>"; };
		604873532126F0710085EFEC /* Assets.xcassets */ = {isa = PBXFileReference; lastKnownFileType = folder.assetcatalog; path = Assets.xcassets; sourceTree = "<group>"; };
		60C2173C21269536009263B3 /* money-of-the-world.app */ = {isa = PBXFileReference; explicitFileType = wrapper.application; includeInIndex = 0; path = "money-of-the-world.app"; sourceTree = BUILT_PRODUCTS_DIR; };
		60C2173F21269536009263B3 /* AppDelegate.swift */ = {isa = PBXFileReference; lastKnownFileType = sourcecode.swift; path = AppDelegate.swift; sourceTree = "<group>"; };
		60C2174121269536009263B3 /* MainVC.swift */ = {isa = PBXFileReference; lastKnownFileType = sourcecode.swift; path = MainVC.swift; sourceTree = "<group>"; };
		60C2174421269536009263B3 /* Base */ = {isa = PBXFileReference; lastKnownFileType = file.storyboard; name = Base; path = Base.lproj/Main.storyboard; sourceTree = "<group>"; };
		60C2174921269536009263B3 /* Base */ = {isa = PBXFileReference; lastKnownFileType = file.storyboard; name = Base; path = Base.lproj/LaunchScreen.storyboard; sourceTree = "<group>"; };
		60C2174B21269536009263B3 /* Info.plist */ = {isa = PBXFileReference; lastKnownFileType = text.plist.xml; path = Info.plist; sourceTree = "<group>"; };
		60C2175021269536009263B3 /* money-of-the-worldTests.xctest */ = {isa = PBXFileReference; explicitFileType = wrapper.cfbundle; includeInIndex = 0; path = "money-of-the-worldTests.xctest"; sourceTree = BUILT_PRODUCTS_DIR; };
		60C2175421269536009263B3 /* money_of_the_worldTests.swift */ = {isa = PBXFileReference; lastKnownFileType = sourcecode.swift; path = money_of_the_worldTests.swift; sourceTree = "<group>"; };
		60C2175621269536009263B3 /* Info.plist */ = {isa = PBXFileReference; lastKnownFileType = text.plist.xml; path = Info.plist; sourceTree = "<group>"; };
		60C2175B21269536009263B3 /* money-of-the-worldUITests.xctest */ = {isa = PBXFileReference; explicitFileType = wrapper.cfbundle; includeInIndex = 0; path = "money-of-the-worldUITests.xctest"; sourceTree = BUILT_PRODUCTS_DIR; };
		60C2175F21269536009263B3 /* money_of_the_worldUITests.swift */ = {isa = PBXFileReference; lastKnownFileType = sourcecode.swift; path = money_of_the_worldUITests.swift; sourceTree = "<group>"; };
		60C2176121269536009263B3 /* Info.plist */ = {isa = PBXFileReference; lastKnownFileType = text.plist.xml; path = Info.plist; sourceTree = "<group>"; };
		60C2177121269C83009263B3 /* Country.swift */ = {isa = PBXFileReference; lastKnownFileType = sourcecode.swift; path = Country.swift; sourceTree = "<group>"; };
		60C2177321269D53009263B3 /* CountryCell.swift */ = {isa = PBXFileReference; lastKnownFileType = sourcecode.swift; path = CountryCell.swift; sourceTree = "<group>"; };
		60C217752126A903009263B3 /* DataService.swift */ = {isa = PBXFileReference; lastKnownFileType = sourcecode.swift; path = DataService.swift; sourceTree = "<group>"; };
		60C217772126B329009263B3 /* MoneyVC.swift */ = {isa = PBXFileReference; lastKnownFileType = sourcecode.swift; path = MoneyVC.swift; sourceTree = "<group>"; };
/* End PBXFileReference section */

/* Begin PBXFrameworksBuildPhase section */
		60C2173921269536009263B3 /* Frameworks */ = {
			isa = PBXFrameworksBuildPhase;
			buildActionMask = 2147483647;
			files = (
			);
			runOnlyForDeploymentPostprocessing = 0;
		};
		60C2174D21269536009263B3 /* Frameworks */ = {
			isa = PBXFrameworksBuildPhase;
			buildActionMask = 2147483647;
			files = (
			);
			runOnlyForDeploymentPostprocessing = 0;
		};
		60C2175821269536009263B3 /* Frameworks */ = {
			isa = PBXFrameworksBuildPhase;
			buildActionMask = 2147483647;
			files = (
			);
			runOnlyForDeploymentPostprocessing = 0;
		};
/* End PBXFrameworksBuildPhase section */

/* Begin PBXGroup section */
		60C2173321269535009263B3 = {
			isa = PBXGroup;
			children = (
				60C2173E21269536009263B3 /* money-of-the-world */,
				60C2175321269536009263B3 /* money-of-the-worldTests */,
				60C2175E21269536009263B3 /* money-of-the-worldUITests */,
				60C2173D21269536009263B3 /* Products */,
			);
			sourceTree = "<group>";
		};
		60C2173D21269536009263B3 /* Products */ = {
			isa = PBXGroup;
			children = (
				60C2173C21269536009263B3 /* money-of-the-world.app */,
				60C2175021269536009263B3 /* money-of-the-worldTests.xctest */,
				60C2175B21269536009263B3 /* money-of-the-worldUITests.xctest */,
			);
			name = Products;
			sourceTree = "<group>";
		};
		60C2173E21269536009263B3 /* money-of-the-world */ = {
			isa = PBXGroup;
			children = (
				60C2177021269558009263B3 /* Service */,
				60C2176F2126954F009263B3 /* Controller */,
				60C2176E2126954A009263B3 /* View */,
				60C2176D21269543009263B3 /* Model */,
				60C2173F21269536009263B3 /* AppDelegate.swift */,
				60C2174321269536009263B3 /* Main.storyboard */,
				60C2174821269536009263B3 /* LaunchScreen.storyboard */,
				60C2174B21269536009263B3 /* Info.plist */,
				604873532126F0710085EFEC /* Assets.xcassets */,
			);
			path = "money-of-the-world";
			sourceTree = "<group>";
		};
		60C2175321269536009263B3 /* money-of-the-worldTests */ = {
			isa = PBXGroup;
			children = (
				60C2175421269536009263B3 /* money_of_the_worldTests.swift */,
				60C2175621269536009263B3 /* Info.plist */,
			);
			path = "money-of-the-worldTests";
			sourceTree = "<group>";
		};
		60C2175E21269536009263B3 /* money-of-the-worldUITests */ = {
			isa = PBXGroup;
			children = (
				60C2175F21269536009263B3 /* money_of_the_worldUITests.swift */,
				60C2176121269536009263B3 /* Info.plist */,
			);
			path = "money-of-the-worldUITests";
			sourceTree = "<group>";
		};
		60C2176D21269543009263B3 /* Model */ = {
			isa = PBXGroup;
			children = (
				60C2177121269C83009263B3 /* Country.swift */,
				6048734F2126BC460085EFEC /* Currency.swift */,
			);
			path = Model;
			sourceTree = "<group>";
		};
		60C2176E2126954A009263B3 /* View */ = {
			isa = PBXGroup;
			children = (
				60C2177321269D53009263B3 /* CountryCell.swift */,
				604873512126BD960085EFEC /* CurrencyCell.swift */,
			);
			path = View;
			sourceTree = "<group>";
		};
		60C2176F2126954F009263B3 /* Controller */ = {
			isa = PBXGroup;
			children = (
				60C2174121269536009263B3 /* MainVC.swift */,
				60C217772126B329009263B3 /* MoneyVC.swift */,
			);
			path = Controller;
			sourceTree = "<group>";
		};
		60C2177021269558009263B3 /* Service */ = {
			isa = PBXGroup;
			children = (
				60C217752126A903009263B3 /* DataService.swift */,
			);
			path = Service;
			sourceTree = "<group>";
		};
/* End PBXGroup section */

/* Begin PBXNativeTarget section */
		60C2173B21269536009263B3 /* money-of-the-world */ = {
			isa = PBXNativeTarget;
			buildConfigurationList = 60C2176421269536009263B3 /* Build configuration list for PBXNativeTarget "money-of-the-world" */;
			buildPhases = (
				60C2173821269536009263B3 /* Sources */,
				60C2173921269536009263B3 /* Frameworks */,
				60C2173A21269536009263B3 /* Resources */,
			);
			buildRules = (
			);
			dependencies = (
			);
			name = "money-of-the-world";
			productName = "money-of-the-world";
			productReference = 60C2173C21269536009263B3 /* money-of-the-world.app */;
			productType = "com.apple.product-type.application";
		};
		60C2174F21269536009263B3 /* money-of-the-worldTests */ = {
			isa = PBXNativeTarget;
			buildConfigurationList = 60C2176721269536009263B3 /* Build configuration list for PBXNativeTarget "money-of-the-worldTests" */;
			buildPhases = (
				60C2174C21269536009263B3 /* Sources */,
				60C2174D21269536009263B3 /* Frameworks */,
				60C2174E21269536009263B3 /* Resources */,
			);
			buildRules = (
			);
			dependencies = (
				60C2175221269536009263B3 /* PBXTargetDependency */,
			);
			name = "money-of-the-worldTests";
			productName = "money-of-the-worldTests";
			productReference = 60C2175021269536009263B3 /* money-of-the-worldTests.xctest */;
			productType = "com.apple.product-type.bundle.unit-test";
		};
		60C2175A21269536009263B3 /* money-of-the-worldUITests */ = {
			isa = PBXNativeTarget;
			buildConfigurationList = 60C2176A21269536009263B3 /* Build configuration list for PBXNativeTarget "money-of-the-worldUITests" */;
			buildPhases = (
				60C2175721269536009263B3 /* Sources */,
				60C2175821269536009263B3 /* Frameworks */,
				60C2175921269536009263B3 /* Resources */,
			);
			buildRules = (
			);
			dependencies = (
				60C2175D21269536009263B3 /* PBXTargetDependency */,
			);
			name = "money-of-the-worldUITests";
			productName = "money-of-the-worldUITests";
			productReference = 60C2175B21269536009263B3 /* money-of-the-worldUITests.xctest */;
			productType = "com.apple.product-type.bundle.ui-testing";
		};
/* End PBXNativeTarget section */

/* Begin PBXProject section */
		60C2173421269535009263B3 /* Project object */ = {
			isa = PBXProject;
			attributes = {
				LastSwiftUpdateCheck = 0920;
				LastUpgradeCheck = 0920;
				ORGANIZATIONNAME = McL;
				TargetAttributes = {
					60C2173B21269536009263B3 = {
						CreatedOnToolsVersion = 9.2;
						ProvisioningStyle = Automatic;
					};
					60C2174F21269536009263B3 = {
						CreatedOnToolsVersion = 9.2;
						ProvisioningStyle = Automatic;
						TestTargetID = 60C2173B21269536009263B3;
					};
					60C2175A21269536009263B3 = {
						CreatedOnToolsVersion = 9.2;
						ProvisioningStyle = Automatic;
						TestTargetID = 60C2173B21269536009263B3;
					};
				};
			};
			buildConfigurationList = 60C2173721269535009263B3 /* Build configuration list for PBXProject "money-of-the-world" */;
			compatibilityVersion = "Xcode 8.0";
			developmentRegion = en;
			hasScannedForEncodings = 0;
			knownRegions = (
				en,
				Base,
			);
			mainGroup = 60C2173321269535009263B3;
			productRefGroup = 60C2173D21269536009263B3 /* Products */;
			projectDirPath = "";
			projectRoot = "";
			targets = (
				60C2173B21269536009263B3 /* money-of-the-world */,
				60C2174F21269536009263B3 /* money-of-the-worldTests */,
				60C2175A21269536009263B3 /* money-of-the-worldUITests */,
			);
		};
/* End PBXProject section */

/* Begin PBXResourcesBuildPhase section */
		60C2173A21269536009263B3 /* Resources */ = {
			isa = PBXResourcesBuildPhase;
			buildActionMask = 2147483647;
			files = (
				60C2174A21269536009263B3 /* LaunchScreen.storyboard in Resources */,
				604873542126F0710085EFEC /* Assets.xcassets in Resources */,
				60C2174521269536009263B3 /* Main.storyboard in Resources */,
			);
			runOnlyForDeploymentPostprocessing = 0;
		};
		60C2174E21269536009263B3 /* Resources */ = {
			isa = PBXResourcesBuildPhase;
			buildActionMask = 2147483647;
			files = (
			);
			runOnlyForDeploymentPostprocessing = 0;
		};
		60C2175921269536009263B3 /* Resources */ = {
			isa = PBXResourcesBuildPhase;
			buildActionMask = 2147483647;
			files = (
			);
			runOnlyForDeploymentPostprocessing = 0;
		};
/* End PBXResourcesBuildPhase section */

/* Begin PBXSourcesBuildPhase section */
		60C2173821269536009263B3 /* Sources */ = {
			isa = PBXSourcesBuildPhase;
			buildActionMask = 2147483647;
			files = (
				604873522126BD960085EFEC /* CurrencyCell.swift in Sources */,
				60C2177421269D53009263B3 /* CountryCell.swift in Sources */,
				60C217782126B329009263B3 /* MoneyVC.swift in Sources */,
				60C2174221269536009263B3 /* MainVC.swift in Sources */,
				60C2177221269C83009263B3 /* Country.swift in Sources */,
				60C2174021269536009263B3 /* AppDelegate.swift in Sources */,
				604873502126BC460085EFEC /* Currency.swift in Sources */,
				60C217762126A903009263B3 /* DataService.swift in Sources */,
			);
			runOnlyForDeploymentPostprocessing = 0;
		};
		60C2174C21269536009263B3 /* Sources */ = {
			isa = PBXSourcesBuildPhase;
			buildActionMask = 2147483647;
			files = (
				60C2175521269536009263B3 /* money_of_the_worldTests.swift in Sources */,
			);
			runOnlyForDeploymentPostprocessing = 0;
		};
		60C2175721269536009263B3 /* Sources */ = {
			isa = PBXSourcesBuildPhase;
			buildActionMask = 2147483647;
			files = (
				60C2176021269536009263B3 /* money_of_the_worldUITests.swift in Sources */,
			);
			runOnlyForDeploymentPostprocessing = 0;
		};
/* End PBXSourcesBuildPhase section */

/* Begin PBXTargetDependency section */
		60C2175221269536009263B3 /* PBXTargetDependency */ = {
			isa = PBXTargetDependency;
			target = 60C2173B21269536009263B3 /* money-of-the-world */;
			targetProxy = 60C2175121269536009263B3 /* PBXContainerItemProxy */;
		};
		60C2175D21269536009263B3 /* PBXTargetDependency */ = {
			isa = PBXTargetDependency;
			target = 60C2173B21269536009263B3 /* money-of-the-world */;
			targetProxy = 60C2175C21269536009263B3 /* PBXContainerItemProxy */;
		};
/* End PBXTargetDependency section */

/* Begin PBXVariantGroup section */
		60C2174321269536009263B3 /* Main.storyboard */ = {
			isa = PBXVariantGroup;
			children = (
				60C2174421269536009263B3 /* Base */,
			);
			name = Main.storyboard;
			sourceTree = "<group>";
		};
		60C2174821269536009263B3 /* LaunchScreen.storyboard */ = {
			isa = PBXVariantGroup;
			children = (
				60C2174921269536009263B3 /* Base */,
			);
			name = LaunchScreen.storyboard;
			sourceTree = "<group>";
		};
/* End PBXVariantGroup section */

/* Begin XCBuildConfiguration section */
		60C2176221269536009263B3 /* Debug */ = {
			isa = XCBuildConfiguration;
			buildSettings = {
				ALWAYS_SEARCH_USER_PATHS = NO;
				CLANG_ANALYZER_NONNULL = YES;
				CLANG_ANALYZER_NUMBER_OBJECT_CONVERSION = YES_AGGRESSIVE;
				CLANG_CXX_LANGUAGE_STANDARD = "gnu++14";
				CLANG_CXX_LIBRARY = "libc++";
				CLANG_ENABLE_MODULES = YES;
				CLANG_ENABLE_OBJC_ARC = YES;
				CLANG_WARN_BLOCK_CAPTURE_AUTORELEASING = YES;
				CLANG_WARN_BOOL_CONVERSION = YES;
				CLANG_WARN_COMMA = YES;
				CLANG_WARN_CONSTANT_CONVERSION = YES;
				CLANG_WARN_DIRECT_OBJC_ISA_USAGE = YES_ERROR;
				CLANG_WARN_DOCUMENTATION_COMMENTS = YES;
				CLANG_WARN_EMPTY_BODY = YES;
				CLANG_WARN_ENUM_CONVERSION = YES;
				CLANG_WARN_INFINITE_RECURSION = YES;
				CLANG_WARN_INT_CONVERSION = YES;
				CLANG_WARN_NON_LITERAL_NULL_CONVERSION = YES;
				CLANG_WARN_OBJC_LITERAL_CONVERSION = YES;
				CLANG_WARN_OBJC_ROOT_CLASS = YES_ERROR;
				CLANG_WARN_RANGE_LOOP_ANALYSIS = YES;
				CLANG_WARN_STRICT_PROTOTYPES = YES;
				CLANG_WARN_SUSPICIOUS_MOVE = YES;
				CLANG_WARN_UNGUARDED_AVAILABILITY = YES_AGGRESSIVE;
				CLANG_WARN_UNREACHABLE_CODE = YES;
				CLANG_WARN__DUPLICATE_METHOD_MATCH = YES;
				CODE_SIGN_IDENTITY = "iPhone Developer";
				COPY_PHASE_STRIP = NO;
				DEBUG_INFORMATION_FORMAT = dwarf;
				ENABLE_STRICT_OBJC_MSGSEND = YES;
				ENABLE_TESTABILITY = YES;
				GCC_C_LANGUAGE_STANDARD = gnu11;
				GCC_DYNAMIC_NO_PIC = NO;
				GCC_NO_COMMON_BLOCKS = YES;
				GCC_OPTIMIZATION_LEVEL = 0;
				GCC_PREPROCESSOR_DEFINITIONS = (
					"DEBUG=1",
					"$(inherited)",
				);
				GCC_WARN_64_TO_32_BIT_CONVERSION = YES;
				GCC_WARN_ABOUT_RETURN_TYPE = YES_ERROR;
				GCC_WARN_UNDECLARED_SELECTOR = YES;
				GCC_WARN_UNINITIALIZED_AUTOS = YES_AGGRESSIVE;
				GCC_WARN_UNUSED_FUNCTION = YES;
				GCC_WARN_UNUSED_VARIABLE = YES;
				IPHONEOS_DEPLOYMENT_TARGET = 11.2;
				MTL_ENABLE_DEBUG_INFO = YES;
				ONLY_ACTIVE_ARCH = YES;
				SDKROOT = iphoneos;
				SWIFT_ACTIVE_COMPILATION_CONDITIONS = DEBUG;
				SWIFT_OPTIMIZATION_LEVEL = "-Onone";
			};
			name = Debug;
		};
		60C2176321269536009263B3 /* Release */ = {
			isa = XCBuildConfiguration;
			buildSettings = {
				ALWAYS_SEARCH_USER_PATHS = NO;
				CLANG_ANALYZER_NONNULL = YES;
				CLANG_ANALYZER_NUMBER_OBJECT_CONVERSION = YES_AGGRESSIVE;
				CLANG_CXX_LANGUAGE_STANDARD = "gnu++14";
				CLANG_CXX_LIBRARY = "libc++";
				CLANG_ENABLE_MODULES = YES;
				CLANG_ENABLE_OBJC_ARC = YES;
				CLANG_WARN_BLOCK_CAPTURE_AUTORELEASING = YES;
				CLANG_WARN_BOOL_CONVERSION = YES;
				CLANG_WARN_COMMA = YES;
				CLANG_WARN_CONSTANT_CONVERSION = YES;
				CLANG_WARN_DIRECT_OBJC_ISA_USAGE = YES_ERROR;
				CLANG_WARN_DOCUMENTATION_COMMENTS = YES;
				CLANG_WARN_EMPTY_BODY = YES;
				CLANG_WARN_ENUM_CONVERSION = YES;
				CLANG_WARN_INFINITE_RECURSION = YES;
				CLANG_WARN_INT_CONVERSION = YES;
				CLANG_WARN_NON_LITERAL_NULL_CONVERSION = YES;
				CLANG_WARN_OBJC_LITERAL_CONVERSION = YES;
				CLANG_WARN_OBJC_ROOT_CLASS = YES_ERROR;
				CLANG_WARN_RANGE_LOOP_ANALYSIS = YES;
				CLANG_WARN_STRICT_PROTOTYPES = YES;
				CLANG_WARN_SUSPICIOUS_MOVE = YES;
				CLANG_WARN_UNGUARDED_AVAILABILITY = YES_AGGRESSIVE;
				CLANG_WARN_UNREACHABLE_CODE = YES;
				CLANG_WARN__DUPLICATE_METHOD_MATCH = YES;
				CODE_SIGN_IDENTITY = "iPhone Developer";
				COPY_PHASE_STRIP = NO;
				DEBUG_INFORMATION_FORMAT = "dwarf-with-dsym";
				ENABLE_NS_ASSERTIONS = NO;
				ENABLE_STRICT_OBJC_MSGSEND = YES;
				GCC_C_LANGUAGE_STANDARD = gnu11;
				GCC_NO_COMMON_BLOCKS = YES;
				GCC_WARN_64_TO_32_BIT_CONVERSION = YES;
				GCC_WARN_ABOUT_RETURN_TYPE = YES_ERROR;
				GCC_WARN_UNDECLARED_SELECTOR = YES;
				GCC_WARN_UNINITIALIZED_AUTOS = YES_AGGRESSIVE;
				GCC_WARN_UNUSED_FUNCTION = YES;
				GCC_WARN_UNUSED_VARIABLE = YES;
				IPHONEOS_DEPLOYMENT_TARGET = 11.2;
				MTL_ENABLE_DEBUG_INFO = NO;
				SDKROOT = iphoneos;
				SWIFT_OPTIMIZATION_LEVEL = "-Owholemodule";
				VALIDATE_PRODUCT = YES;
			};
			name = Release;
		};
		60C2176521269536009263B3 /* Debug */ = {
			isa = XCBuildConfiguration;
			buildSettings = {
				ASSETCATALOG_COMPILER_APPICON_NAME = AppIcon;
				CODE_SIGN_STYLE = Automatic;
				INFOPLIST_FILE = "money-of-the-world/Info.plist";
				LD_RUNPATH_SEARCH_PATHS = "$(inherited) @executable_path/Frameworks";
				PRODUCT_BUNDLE_IDENTIFIER = "noneinc.money-of-the-world";
				PRODUCT_NAME = "$(TARGET_NAME)";
				SWIFT_VERSION = 4.0;
				TARGETED_DEVICE_FAMILY = "1,2";
			};
			name = Debug;
		};
		60C2176621269536009263B3 /* Release */ = {
			isa = XCBuildConfiguration;
			buildSettings = {
				ASSETCATALOG_COMPILER_APPICON_NAME = AppIcon;
				CODE_SIGN_STYLE = Automatic;
				INFOPLIST_FILE = "money-of-the-world/Info.plist";
				LD_RUNPATH_SEARCH_PATHS = "$(inherited) @executable_path/Frameworks";
				PRODUCT_BUNDLE_IDENTIFIER = "noneinc.money-of-the-world";
				PRODUCT_NAME = "$(TARGET_NAME)";
				SWIFT_VERSION = 4.0;
				TARGETED_DEVICE_FAMILY = "1,2";
			};
			name = Release;
		};
		60C2176821269536009263B3 /* Debug */ = {
			isa = XCBuildConfiguration;
			buildSettings = {
				ALWAYS_EMBED_SWIFT_STANDARD_LIBRARIES = YES;
				BUNDLE_LOADER = "$(TEST_HOST)";
				CODE_SIGN_STYLE = Automatic;
				INFOPLIST_FILE = "money-of-the-worldTests/Info.plist";
				LD_RUNPATH_SEARCH_PATHS = "$(inherited) @executable_path/Frameworks @loader_path/Frameworks";
				PRODUCT_BUNDLE_IDENTIFIER = "noneinc.money-of-the-worldTests";
				PRODUCT_NAME = "$(TARGET_NAME)";
				SWIFT_VERSION = 4.0;
				TARGETED_DEVICE_FAMILY = "1,2";
				TEST_HOST = "$(BUILT_PRODUCTS_DIR)/money-of-the-world.app/money-of-the-world";
			};
			name = Debug;
		};
		60C2176921269536009263B3 /* Release */ = {
			isa = XCBuildConfiguration;
			buildSettings = {
				ALWAYS_EMBED_SWIFT_STANDARD_LIBRARIES = YES;
				BUNDLE_LOADER = "$(TEST_HOST)";
				CODE_SIGN_STYLE = Automatic;
				INFOPLIST_FILE = "money-of-the-worldTests/Info.plist";
				LD_RUNPATH_SEARCH_PATHS = "$(inherited) @executable_path/Frameworks @loader_path/Frameworks";
				PRODUCT_BUNDLE_IDENTIFIER = "noneinc.money-of-the-worldTests";
				PRODUCT_NAME = "$(TARGET_NAME)";
				SWIFT_VERSION = 4.0;
				TARGETED_DEVICE_FAMILY = "1,2";
				TEST_HOST = "$(BUILT_PRODUCTS_DIR)/money-of-the-world.app/money-of-the-world";
			};
			name = Release;
		};
		60C2176B21269536009263B3 /* Debug */ = {
			isa = XCBuildConfiguration;
			buildSettings = {
				ALWAYS_EMBED_SWIFT_STANDARD_LIBRARIES = YES;
				CODE_SIGN_STYLE = Automatic;
				INFOPLIST_FILE = "money-of-the-worldUITests/Info.plist";
				LD_RUNPATH_SEARCH_PATHS = "$(inherited) @executable_path/Frameworks @loader_path/Frameworks";
				PRODUCT_BUNDLE_IDENTIFIER = "noneinc.money-of-the-worldUITests";
				PRODUCT_NAME = "$(TARGET_NAME)";
				SWIFT_VERSION = 4.0;
				TARGETED_DEVICE_FAMILY = "1,2";
				TEST_TARGET_NAME = "money-of-the-world";
			};
			name = Debug;
		};
		60C2176C21269536009263B3 /* Release */ = {
			isa = XCBuildConfiguration;
			buildSettings = {
				ALWAYS_EMBED_SWIFT_STANDARD_LIBRARIES = YES;
				CODE_SIGN_STYLE = Automatic;
				INFOPLIST_FILE = "money-of-the-worldUITests/Info.plist";
				LD_RUNPATH_SEARCH_PATHS = "$(inherited) @executable_path/Frameworks @loader_path/Frameworks";
				PRODUCT_BUNDLE_IDENTIFIER = "noneinc.money-of-the-worldUITests";
				PRODUCT_NAME = "$(TARGET_NAME)";
				SWIFT_VERSION = 4.0;
				TARGETED_DEVICE_FAMILY = "1,2";
				TEST_TARGET_NAME = "money-of-the-world";
			};
			name = Release;
		};
/* End XCBuildConfiguration section */

/* Begin XCConfigurationList section */
		60C2173721269535009263B3 /* Build configuration list for PBXProject "money-of-the-world" */ = {
			isa = XCConfigurationList;
			buildConfigurations = (
				60C2176221269536009263B3 /* Debug */,
				60C2176321269536009263B3 /* Release */,
			);
			defaultConfigurationIsVisible = 0;
			defaultConfigurationName = Release;
		};
		60C2176421269536009263B3 /* Build configuration list for PBXNativeTarget "money-of-the-world" */ = {
			isa = XCConfigurationList;
			buildConfigurations = (
				60C2176521269536009263B3 /* Debug */,
				60C2176621269536009263B3 /* Release */,
			);
			defaultConfigurationIsVisible = 0;
			defaultConfigurationName = Release;
		};
		60C2176721269536009263B3 /* Build configuration list for PBXNativeTarget "money-of-the-worldTests" */ = {
			isa = XCConfigurationList;
			buildConfigurations = (
				60C2176821269536009263B3 /* Debug */,
				60C2176921269536009263B3 /* Release */,
			);
			defaultConfigurationIsVisible = 0;
			defaultConfigurationName = Release;
		};
		60C2176A21269536009263B3 /* Build configuration list for PBXNativeTarget "money-of-the-worldUITests" */ = {
			isa = XCConfigurationList;
			buildConfigurations = (
				60C2176B21269536009263B3 /* Debug */,
				60C2176C21269536009263B3 /* Release */,
			);
			defaultConfigurationIsVisible = 0;
			defaultConfigurationName = Release;
		};
/* End XCConfigurationList section */
	};
	rootObject = 60C2173421269535009263B3 /* Project object */;
}
